
Microsoft Visual Studio Solution File, Format Version 12.00
# Visual Studio Version 17
VisualStudioVersion = 17.5.33530.505
MinimumVisualStudioVersion = 10.0.40219.1
Project("{9A19103F-16F7-4668-BE54-9A1E7A4F7556}") = "EgeBilgiBilisimTask.WebUI", "EgeBilgiBilisimTask.WebUI\EgeBilgiBilisimTask.WebUI.csproj", "{F4351613-ADD5-4DEB-A22F-0006964B2E34}"
EndProject
Project("{9A19103F-16F7-4668-BE54-9A1E7A4F7556}") = "EgeBilgiBilisimTask.Entities", "EgeBilgiBilisimTask.Entities\EgeBilgiBilisimTask.Entities.csproj", "{209B5A6E-4F24-4441-9264-134B75CD110D}"
EndProject
Project("{9A19103F-16F7-4668-BE54-9A1E7A4F7556}") = "EgeBilgiBilisimTask.Data", "EgeBilgiBilisimTask.Data\EgeBilgiBilisimTask.Data.csproj", "{2E58F44F-03F3-4CF9-8749-6C517FC8E163}"
EndProject
Project("{FAE04EC0-301F-11D3-BF4B-00C04F79EFBC}") = "EgeBilgiBilisimTask.Service", "EgeBilgiBilisimTask.Service\EgeBilgiBilisimTask.Service.csproj", "{9DBBA41E-52E2-40C1-853A-339C22B6616A}"
EndProject
Project("{FAE04EC0-301F-11D3-BF4B-00C04F79EFBC}") = "EgeBilgiBilisimTask.WebAPI", "EgeBilgiBilisimTask.WebAPI\EgeBilgiBilisimTask.WebAPI.csproj", "{95A3AA78-BFC6-4FB3-9096-F0741B872539}"
EndProject
Global
	GlobalSection(SolutionConfigurationPlatforms) = preSolution
		Debug|Any CPU = Debug|Any CPU
		Release|Any CPU = Release|Any CPU
	EndGlobalSection
	GlobalSection(ProjectConfigurationPlatforms) = postSolution
		{F4351613-ADD5-4DEB-A22F-0006964B2E34}.Debug|Any CPU.ActiveCfg = Debug|Any CPU
		{F4351613-ADD5-4DEB-A22F-0006964B2E34}.Debug|Any CPU.Build.0 = Debug|Any CPU
		{F4351613-ADD5-4DEB-A22F-0006964B2E34}.Release|Any CPU.ActiveCfg = Release|Any CPU
		{F4351613-ADD5-4DEB-A22F-0006964B2E34}.Release|Any CPU.Build.0 = Release|Any CPU
		{209B5A6E-4F24-4441-9264-134B75CD110D}.Debug|Any CPU.ActiveCfg = Debug|Any CPU
		{209B5A6E-4F24-4441-9264-134B75CD110D}.Debug|Any CPU.Build.0 = Debug|Any CPU
		{209B5A6E-4F24-4441-9264-134B75CD110D}.Release|Any CPU.ActiveCfg = Release|Any CPU
		{209B5A6E-4F24-4441-9264-134B75CD110D}.Release|Any CPU.Build.0 = Release|Any CPU
		{2E58F44F-03F3-4CF9-8749-6C517FC8E163}.Debug|Any CPU.ActiveCfg = Debug|Any CPU
		{2E58F44F-03F3-4CF9-8749-6C517FC8E163}.Debug|Any CPU.Build.0 = Debug|Any CPU
		{2E58F44F-03F3-4CF9-8749-6C517FC8E163}.Release|Any CPU.ActiveCfg = Release|Any CPU
		{2E58F44F-03F3-4CF9-8749-6C517FC8E163}.Release|Any CPU.Build.0 = Release|Any CPU
		{9DBBA41E-52E2-40C1-853A-339C22B6616A}.Debug|Any CPU.ActiveCfg = Debug|Any CPU
		{9DBBA41E-52E2-40C1-853A-339C22B6616A}.Debug|Any CPU.Build.0 = Debug|Any CPU
		{9DBBA41E-52E2-40C1-853A-339C22B6616A}.Release|Any CPU.ActiveCfg = Release|Any CPU
		{9DBBA41E-52E2-40C1-853A-339C22B6616A}.Release|Any CPU.Build.0 = Release|Any CPU
		{95A3AA78-BFC6-4FB3-9096-F0741B872539}.Debug|Any CPU.ActiveCfg = Debug|Any CPU
		{95A3AA78-BFC6-4FB3-9096-F0741B872539}.Debug|Any CPU.Build.0 = Debug|Any CPU
		{95A3AA78-BFC6-4FB3-9096-F0741B872539}.Release|Any CPU.ActiveCfg = Release|Any CPU
		{95A3AA78-BFC6-4FB3-9096-F0741B872539}.Release|Any CPU.Build.0 = Release|Any CPU
	EndGlobalSection
	GlobalSection(SolutionProperties) = preSolution
		HideSolutionNode = FALSE
	EndGlobalSection
	GlobalSection(ExtensibilityGlobals) = postSolution
		SolutionGuid = {ACA1E070-0D4F-44DA-9D8C-A4A56A82907F}
	EndGlobalSection
EndGlobal
